
Microsoft Visual Studio Solution File, Format Version 12.00
Project("{FAE04EC0-301F-11D3-BF4B-00C04F79EFBC}") = "Bioinformatics.Task1", "Bioinformatics.Task1\Bioinformatics.Task1.csproj", "{9AEE2C4C-5F4B-4814-AB50-EC9A93E064F5}"
EndProject
Project("{FAE04EC0-301F-11D3-BF4B-00C04F79EFBC}") = "Bioinformatics.Task1.Tests", "Bioinformatics.Task1.Tests\Bioinformatics.Task1.Tests.csproj", "{C7D136B5-CFF4-4B0B-986E-C7C6E6610E95}"
EndProject
Project("{2150E333-8FDC-42A3-9474-1A3956D46DE8}") = "Task1", "Task1", "{E30D37AA-9D67-40CE-AE30-458E557CC0F5}"
EndProject
Project("{2150E333-8FDC-42A3-9474-1A3956D46DE8}") = "Task2", "Task2", "{DA1FCF45-DA3C-4F4A-B01A-69CB7C790A43}"
EndProject
Project("{FAE04EC0-301F-11D3-BF4B-00C04F79EFBC}") = "Bioinformatics.Task2", "Bioinformatics.Task2\Bioinformatics.Task2.csproj", "{CA2C72F7-BC73-47DE-B236-15880A006E5E}"
EndProject
Project("{2150E333-8FDC-42A3-9474-1A3956D46DE8}") = "Task3", "Task3", "{4E90A483-C836-4EAA-B9DC-2B60349300B2}"
EndProject
Project("{FAE04EC0-301F-11D3-BF4B-00C04F79EFBC}") = "Bioinformatics.Task3", "Bioinformatics.Task3\Bioinformatics.Task3.csproj", "{0E061895-EB2F-482D-B5FC-B15E33632E6E}"
EndProject
Project("{FAE04EC0-301F-11D3-BF4B-00C04F79EFBC}") = "Bioinformatics.Task3.Tests", "Bioinformatics.Task3.Tests\Bioinformatics.Task3.Tests.csproj", "{AEDA4D83-D14E-49D5-98B7-67B90E0A69B6}"
EndProject
Project("{2150E333-8FDC-42A3-9474-1A3956D46DE8}") = "Task8", "Task8", "{3C205419-91B7-4861-A891-A2AC4505F993}"
EndProject
Project("{FAE04EC0-301F-11D3-BF4B-00C04F79EFBC}") = "Bioinformatics.Task8", "Bioinformatics.Task8\Bioinformatics.Task8.csproj", "{A8DC3654-3C7A-46DB-B4B3-E9E070FC6668}"
EndProject
Project("{FAE04EC0-301F-11D3-BF4B-00C04F79EFBC}") = "Bioinformatics.Task8.Tests", "Bioinformatics.Task8.Tests\Bioinformatics.Task8.Tests.csproj", "{A84AD057-A5BD-4F23-8279-3C0F03B6A7FE}"
EndProject
Global
	GlobalSection(SolutionConfigurationPlatforms) = preSolution
		Debug|Any CPU = Debug|Any CPU
		Release|Any CPU = Release|Any CPU
	EndGlobalSection
	GlobalSection(ProjectConfigurationPlatforms) = postSolution
		{9AEE2C4C-5F4B-4814-AB50-EC9A93E064F5}.Debug|Any CPU.ActiveCfg = Debug|Any CPU
		{9AEE2C4C-5F4B-4814-AB50-EC9A93E064F5}.Debug|Any CPU.Build.0 = Debug|Any CPU
		{9AEE2C4C-5F4B-4814-AB50-EC9A93E064F5}.Release|Any CPU.ActiveCfg = Release|Any CPU
		{9AEE2C4C-5F4B-4814-AB50-EC9A93E064F5}.Release|Any CPU.Build.0 = Release|Any CPU
		{C7D136B5-CFF4-4B0B-986E-C7C6E6610E95}.Debug|Any CPU.ActiveCfg = Debug|Any CPU
		{C7D136B5-CFF4-4B0B-986E-C7C6E6610E95}.Debug|Any CPU.Build.0 = Debug|Any CPU
		{C7D136B5-CFF4-4B0B-986E-C7C6E6610E95}.Release|Any CPU.ActiveCfg = Release|Any CPU
		{C7D136B5-CFF4-4B0B-986E-C7C6E6610E95}.Release|Any CPU.Build.0 = Release|Any CPU
		{CA2C72F7-BC73-47DE-B236-15880A006E5E}.Debug|Any CPU.ActiveCfg = Debug|Any CPU
		{CA2C72F7-BC73-47DE-B236-15880A006E5E}.Debug|Any CPU.Build.0 = Debug|Any CPU
		{CA2C72F7-BC73-47DE-B236-15880A006E5E}.Release|Any CPU.ActiveCfg = Release|Any CPU
		{CA2C72F7-BC73-47DE-B236-15880A006E5E}.Release|Any CPU.Build.0 = Release|Any CPU
		{0E061895-EB2F-482D-B5FC-B15E33632E6E}.Debug|Any CPU.ActiveCfg = Debug|Any CPU
		{0E061895-EB2F-482D-B5FC-B15E33632E6E}.Debug|Any CPU.Build.0 = Debug|Any CPU
		{0E061895-EB2F-482D-B5FC-B15E33632E6E}.Release|Any CPU.ActiveCfg = Release|Any CPU
		{0E061895-EB2F-482D-B5FC-B15E33632E6E}.Release|Any CPU.Build.0 = Release|Any CPU
		{AEDA4D83-D14E-49D5-98B7-67B90E0A69B6}.Debug|Any CPU.ActiveCfg = Debug|Any CPU
		{AEDA4D83-D14E-49D5-98B7-67B90E0A69B6}.Debug|Any CPU.Build.0 = Debug|Any CPU
		{AEDA4D83-D14E-49D5-98B7-67B90E0A69B6}.Release|Any CPU.ActiveCfg = Release|Any CPU
		{AEDA4D83-D14E-49D5-98B7-67B90E0A69B6}.Release|Any CPU.Build.0 = Release|Any CPU
		{A8DC3654-3C7A-46DB-B4B3-E9E070FC6668}.Debug|Any CPU.ActiveCfg = Debug|Any CPU
		{A8DC3654-3C7A-46DB-B4B3-E9E070FC6668}.Debug|Any CPU.Build.0 = Debug|Any CPU
		{A8DC3654-3C7A-46DB-B4B3-E9E070FC6668}.Release|Any CPU.ActiveCfg = Release|Any CPU
		{A8DC3654-3C7A-46DB-B4B3-E9E070FC6668}.Release|Any CPU.Build.0 = Release|Any CPU
		{A84AD057-A5BD-4F23-8279-3C0F03B6A7FE}.Debug|Any CPU.ActiveCfg = Debug|Any CPU
		{A84AD057-A5BD-4F23-8279-3C0F03B6A7FE}.Debug|Any CPU.Build.0 = Debug|Any CPU
		{A84AD057-A5BD-4F23-8279-3C0F03B6A7FE}.Release|Any CPU.ActiveCfg = Release|Any CPU
		{A84AD057-A5BD-4F23-8279-3C0F03B6A7FE}.Release|Any CPU.Build.0 = Release|Any CPU
	EndGlobalSection
	GlobalSection(NestedProjects) = preSolution
		{9AEE2C4C-5F4B-4814-AB50-EC9A93E064F5} = {E30D37AA-9D67-40CE-AE30-458E557CC0F5}
		{C7D136B5-CFF4-4B0B-986E-C7C6E6610E95} = {E30D37AA-9D67-40CE-AE30-458E557CC0F5}
		{CA2C72F7-BC73-47DE-B236-15880A006E5E} = {DA1FCF45-DA3C-4F4A-B01A-69CB7C790A43}
		{0E061895-EB2F-482D-B5FC-B15E33632E6E} = {4E90A483-C836-4EAA-B9DC-2B60349300B2}
		{AEDA4D83-D14E-49D5-98B7-67B90E0A69B6} = {4E90A483-C836-4EAA-B9DC-2B60349300B2}
		{A8DC3654-3C7A-46DB-B4B3-E9E070FC6668} = {3C205419-91B7-4861-A891-A2AC4505F993}
		{A84AD057-A5BD-4F23-8279-3C0F03B6A7FE} = {3C205419-91B7-4861-A891-A2AC4505F993}
	EndGlobalSection
EndGlobal
